
Microsoft Visual Studio Solution File, Format Version 12.00
# Visual Studio Version 17
Project("{8BC9CEB8-8B4A-11D0-8D11-00A0C91BC942}") = "ALL_BUILD", "ALL_BUILD.vcxproj", "{F4C0F7E2-C17C-3A48-B8C0-5D8825486D79}"
	ProjectSection(ProjectDependencies) = postProject
		{2AF1C25F-F824-3CDD-8AA7-658E9975B2F9} = {2AF1C25F-F824-3CDD-8AA7-658E9975B2F9}
		{32C51F31-B64E-3B92-B456-5781CFB165D3} = {32C51F31-B64E-3B92-B456-5781CFB165D3}
	EndProjectSection
EndProject
Project("{8BC9CEB8-8B4A-11D0-8D11-00A0C91BC942}") = "3_PoissonImageEditing", "3_PoissonImageEditing.vcxproj", "{2AF1C25F-F824-3CDD-8AA7-658E9975B2F9}"
	ProjectSection(ProjectDependencies) = postProject
		{32C51F31-B64E-3B92-B456-5781CFB165D3} = {32C51F31-B64E-3B92-B456-5781CFB165D3}
	EndProjectSection
EndProject
Project("{8BC9CEB8-8B4A-11D0-8D11-00A0C91BC942}") = "ZERO_CHECK", "..\\ZERO_CHECK.vcxproj", "{32C51F31-B64E-3B92-B456-5781CFB165D3}"
	ProjectSection(ProjectDependencies) = postProject
	EndProjectSection
EndProject
Global
	GlobalSection(SolutionConfigurationPlatforms) = preSolution
		Debug|x64 = Debug|x64
		Release|x64 = Release|x64
		MinSizeRel|x64 = MinSizeRel|x64
		RelWithDebInfo|x64 = RelWithDebInfo|x64
	EndGlobalSection
	GlobalSection(ProjectConfigurationPlatforms) = postSolution
		{F4C0F7E2-C17C-3A48-B8C0-5D8825486D79}.Debug|x64.ActiveCfg = Debug|x64
		{F4C0F7E2-C17C-3A48-B8C0-5D8825486D79}.Release|x64.ActiveCfg = Release|x64
		{F4C0F7E2-C17C-3A48-B8C0-5D8825486D79}.MinSizeRel|x64.ActiveCfg = MinSizeRel|x64
		{F4C0F7E2-C17C-3A48-B8C0-5D8825486D79}.RelWithDebInfo|x64.ActiveCfg = RelWithDebInfo|x64
		{2AF1C25F-F824-3CDD-8AA7-658E9975B2F9}.Debug|x64.ActiveCfg = Debug|x64
		{2AF1C25F-F824-3CDD-8AA7-658E9975B2F9}.Debug|x64.Build.0 = Debug|x64
		{2AF1C25F-F824-3CDD-8AA7-658E9975B2F9}.Release|x64.ActiveCfg = Release|x64
		{2AF1C25F-F824-3CDD-8AA7-658E9975B2F9}.Release|x64.Build.0 = Release|x64
		{2AF1C25F-F824-3CDD-8AA7-658E9975B2F9}.MinSizeRel|x64.ActiveCfg = MinSizeRel|x64
		{2AF1C25F-F824-3CDD-8AA7-658E9975B2F9}.MinSizeRel|x64.Build.0 = MinSizeRel|x64
		{2AF1C25F-F824-3CDD-8AA7-658E9975B2F9}.RelWithDebInfo|x64.ActiveCfg = RelWithDebInfo|x64
		{2AF1C25F-F824-3CDD-8AA7-658E9975B2F9}.RelWithDebInfo|x64.Build.0 = RelWithDebInfo|x64
		{32C51F31-B64E-3B92-B456-5781CFB165D3}.Debug|x64.ActiveCfg = Debug|x64
		{32C51F31-B64E-3B92-B456-5781CFB165D3}.Debug|x64.Build.0 = Debug|x64
		{32C51F31-B64E-3B92-B456-5781CFB165D3}.Release|x64.ActiveCfg = Release|x64
		{32C51F31-B64E-3B92-B456-5781CFB165D3}.Release|x64.Build.0 = Release|x64
		{32C51F31-B64E-3B92-B456-5781CFB165D3}.MinSizeRel|x64.ActiveCfg = MinSizeRel|x64
		{32C51F31-B64E-3B92-B456-5781CFB165D3}.MinSizeRel|x64.Build.0 = MinSizeRel|x64
		{32C51F31-B64E-3B92-B456-5781CFB165D3}.RelWithDebInfo|x64.ActiveCfg = RelWithDebInfo|x64
		{32C51F31-B64E-3B92-B456-5781CFB165D3}.RelWithDebInfo|x64.Build.0 = RelWithDebInfo|x64
	EndGlobalSection
	GlobalSection(ExtensibilityGlobals) = postSolution
		SolutionGuid = {B745C39E-27A0-3B9C-9D72-28001217E2AA}
	EndGlobalSection
	GlobalSection(ExtensibilityAddIns) = postSolution
	EndGlobalSection
EndGlobal
